
Microsoft Visual Studio Solution File, Format Version 12.00
# Visual Studio 15
VisualStudioVersion = 15.0.27703.2026
MinimumVisualStudioVersion = 10.0.40219.1
Project("{FAE04EC0-301F-11D3-BF4B-00C04F79EFBC}") = "Angular5_Practice", "Angular5_Practice\Angular5_Practice.csproj", "{865FE0E6-0F88-4728-8C8A-7B2E21B7F62C}"
EndProject
Global
	GlobalSection(SolutionConfigurationPlatforms) = preSolution
		Debug|Any CPU = Debug|Any CPU
		Release|Any CPU = Release|Any CPU
	EndGlobalSection
	GlobalSection(ProjectConfigurationPlatforms) = postSolution
		{865FE0E6-0F88-4728-8C8A-7B2E21B7F62C}.Debug|Any CPU.ActiveCfg = Debug|Any CPU
		{865FE0E6-0F88-4728-8C8A-7B2E21B7F62C}.Debug|Any CPU.Build.0 = Debug|Any CPU
		{865FE0E6-0F88-4728-8C8A-7B2E21B7F62C}.Release|Any CPU.ActiveCfg = Release|Any CPU
		{865FE0E6-0F88-4728-8C8A-7B2E21B7F62C}.Release|Any CPU.Build.0 = Release|Any CPU
	EndGlobalSection
	GlobalSection(SolutionProperties) = preSolution
		HideSolutionNode = FALSE
	EndGlobalSection
	GlobalSection(ExtensibilityGlobals) = postSolution
		SolutionGuid = {4EBEF0D7-A999-43DA-BC67-E804AA0B5C26}
	EndGlobalSection
EndGlobal
